// !$*UTF8*$!
{
	archiveVersion = 1;
	classes = {
	};
	objectVersion = 46;
	objects = {

/* Begin PBXBuildFile section */
		0110BB741C3E5EC800688BC3 /* AppDelegate.swift in Sources */ = {isa = PBXBuildFile; fileRef = 0110BB731C3E5EC800688BC3 /* AppDelegate.swift */; };
		0110BB761C3E5EC800688BC3 /* LicenseViewController.swift in Sources */ = {isa = PBXBuildFile; fileRef = 0110BB751C3E5EC800688BC3 /* LicenseViewController.swift */; };
		0110BB791C3E5EC800688BC3 /* Main.storyboard in Resources */ = {isa = PBXBuildFile; fileRef = 0110BB771C3E5EC800688BC3 /* Main.storyboard */; };
		0110BB7B1C3E5EC800688BC3 /* Assets.xcassets in Resources */ = {isa = PBXBuildFile; fileRef = 0110BB7A1C3E5EC800688BC3 /* Assets.xcassets */; };
		0110BB7E1C3E5EC800688BC3 /* LaunchScreen.storyboard in Resources */ = {isa = PBXBuildFile; fileRef = 0110BB7C1C3E5EC800688BC3 /* LaunchScreen.storyboard */; };
		0110BB891C3E5EC800688BC3 /* Driving_License_AppTests.swift in Sources */ = {isa = PBXBuildFile; fileRef = 0110BB881C3E5EC800688BC3 /* Driving_License_AppTests.swift */; };
		0110BB941C3E5EC800688BC3 /* Driving_License_AppUITests.swift in Sources */ = {isa = PBXBuildFile; fileRef = 0110BB931C3E5EC800688BC3 /* Driving_License_AppUITests.swift */; };
		01795FC81C3FCC20000D80FD /* ExamViewController.swift in Sources */ = {isa = PBXBuildFile; fileRef = 01795FC71C3FCC20000D80FD /* ExamViewController.swift */; settings = {ASSET_TAGS = (); }; };
/* End PBXBuildFile section */

/* Begin PBXContainerItemProxy section */
		0110BB851C3E5EC800688BC3 /* PBXContainerItemProxy */ = {
			isa = PBXContainerItemProxy;
			containerPortal = 0110BB681C3E5EC800688BC3 /* Project object */;
			proxyType = 1;
			remoteGlobalIDString = 0110BB6F1C3E5EC800688BC3;
			remoteInfo = "Driving License App";
		};
		0110BB901C3E5EC800688BC3 /* PBXContainerItemProxy */ = {
			isa = PBXContainerItemProxy;
			containerPortal = 0110BB681C3E5EC800688BC3 /* Project object */;
			proxyType = 1;
			remoteGlobalIDString = 0110BB6F1C3E5EC800688BC3;
			remoteInfo = "Driving License App";
		};
/* End PBXContainerItemProxy section */

/* Begin PBXFileReference section */
		0110BB701C3E5EC800688BC3 /* Driving License App.app */ = {isa = PBXFileReference; explicitFileType = wrapper.application; includeInIndex = 0; path = "Driving License App.app"; sourceTree = BUILT_PRODUCTS_DIR; };
		0110BB731C3E5EC800688BC3 /* AppDelegate.swift */ = {isa = PBXFileReference; lastKnownFileType = sourcecode.swift; path = AppDelegate.swift; sourceTree = "<group>"; };
		0110BB751C3E5EC800688BC3 /* LicenseViewController.swift */ = {isa = PBXFileReference; lastKnownFileType = sourcecode.swift; path = LicenseViewController.swift; sourceTree = "<group>"; };
		0110BB781C3E5EC800688BC3 /* Base */ = {isa = PBXFileReference; lastKnownFileType = file.storyboard; name = Base; path = Base.lproj/Main.storyboard; sourceTree = "<group>"; };
		0110BB7A1C3E5EC800688BC3 /* Assets.xcassets */ = {isa = PBXFileReference; lastKnownFileType = folder.assetcatalog; path = Assets.xcassets; sourceTree = "<group>"; };
		0110BB7D1C3E5EC800688BC3 /* Base */ = {isa = PBXFileReference; lastKnownFileType = file.storyboard; name = Base; path = Base.lproj/LaunchScreen.storyboard; sourceTree = "<group>"; };
		0110BB7F1C3E5EC800688BC3 /* Info.plist */ = {isa = PBXFileReference; lastKnownFileType = text.plist.xml; path = Info.plist; sourceTree = "<group>"; };
		0110BB841C3E5EC800688BC3 /* Driving License AppTests.xctest */ = {isa = PBXFileReference; explicitFileType = wrapper.cfbundle; includeInIndex = 0; path = "Driving License AppTests.xctest"; sourceTree = BUILT_PRODUCTS_DIR; };
		0110BB881C3E5EC800688BC3 /* Driving_License_AppTests.swift */ = {isa = PBXFileReference; lastKnownFileType = sourcecode.swift; path = Driving_License_AppTests.swift; sourceTree = "<group>"; };
		0110BB8A1C3E5EC800688BC3 /* Info.plist */ = {isa = PBXFileReference; lastKnownFileType = text.plist.xml; path = Info.plist; sourceTree = "<group>"; };
		0110BB8F1C3E5EC800688BC3 /* Driving License AppUITests.xctest */ = {isa = PBXFileReference; explicitFileType = wrapper.cfbundle; includeInIndex = 0; path = "Driving License AppUITests.xctest"; sourceTree = BUILT_PRODUCTS_DIR; };
		0110BB931C3E5EC800688BC3 /* Driving_License_AppUITests.swift */ = {isa = PBXFileReference; lastKnownFileType = sourcecode.swift; path = Driving_License_AppUITests.swift; sourceTree = "<group>"; };
		0110BB951C3E5EC800688BC3 /* Info.plist */ = {isa = PBXFileReference; lastKnownFileType = text.plist.xml; path = Info.plist; sourceTree = "<group>"; };
		01795FC71C3FCC20000D80FD /* ExamViewController.swift */ = {isa = PBXFileReference; fileEncoding = 4; lastKnownFileType = sourcecode.swift; path = ExamViewController.swift; sourceTree = "<group>"; };
/* End PBXFileReference section */

/* Begin PBXFrameworksBuildPhase section */
		0110BB6D1C3E5EC800688BC3 /* Frameworks */ = {
			isa = PBXFrameworksBuildPhase;
			buildActionMask = 2147483647;
			files = (
			);
			runOnlyForDeploymentPostprocessing = 0;
		};
		0110BB811C3E5EC800688BC3 /* Frameworks */ = {
			isa = PBXFrameworksBuildPhase;
			buildActionMask = 2147483647;
			files = (
			);
			runOnlyForDeploymentPostprocessing = 0;
		};
		0110BB8C1C3E5EC800688BC3 /* Frameworks */ = {
			isa = PBXFrameworksBuildPhase;
			buildActionMask = 2147483647;
			files = (
			);
			runOnlyForDeploymentPostprocessing = 0;
		};
/* End PBXFrameworksBuildPhase section */

/* Begin PBXGroup section */
		0110BB671C3E5EC800688BC3 = {
			isa = PBXGroup;
			children = (
				0110BB721C3E5EC800688BC3 /* Driving License App */,
				0110BB871C3E5EC800688BC3 /* Driving License AppTests */,
				0110BB921C3E5EC800688BC3 /* Driving License AppUITests */,
				0110BB711C3E5EC800688BC3 /* Products */,
			);
			sourceTree = "<group>";
		};
		0110BB711C3E5EC800688BC3 /* Products */ = {
			isa = PBXGroup;
			children = (
				0110BB701C3E5EC800688BC3 /* Driving License App.app */,
				0110BB841C3E5EC800688BC3 /* Driving License AppTests.xctest */,
				0110BB8F1C3E5EC800688BC3 /* Driving License AppUITests.xctest */,
			);
			name = Products;
			sourceTree = "<group>";
		};
		0110BB721C3E5EC800688BC3 /* Driving License App */ = {
			isa = PBXGroup;
			children = (
				0110BB731C3E5EC800688BC3 /* AppDelegate.swift */,
				0110BB751C3E5EC800688BC3 /* LicenseViewController.swift */,
				0110BB771C3E5EC800688BC3 /* Main.storyboard */,
				01795FC71C3FCC20000D80FD /* ExamViewController.swift */,
				0110BB7A1C3E5EC800688BC3 /* Assets.xcassets */,
				0110BB7C1C3E5EC800688BC3 /* LaunchScreen.storyboard */,
				0110BB7F1C3E5EC800688BC3 /* Info.plist */,
			);
			path = "Driving License App";
			sourceTree = "<group>";
		};
		0110BB871C3E5EC800688BC3 /* Driving License AppTests */ = {
			isa = PBXGroup;
			children = (
				0110BB881C3E5EC800688BC3 /* Driving_License_AppTests.swift */,
				0110BB8A1C3E5EC800688BC3 /* Info.plist */,
			);
			path = "Driving License AppTests";
			sourceTree = "<group>";
		};
		0110BB921C3E5EC800688BC3 /* Driving License AppUITests */ = {
			isa = PBXGroup;
			children = (
				0110BB931C3E5EC800688BC3 /* Driving_License_AppUITests.swift */,
				0110BB951C3E5EC800688BC3 /* Info.plist */,
			);
			path = "Driving License AppUITests";
			sourceTree = "<group>";
		};
/* End PBXGroup section */

/* Begin PBXNativeTarget section */
		0110BB6F1C3E5EC800688BC3 /* Driving License App */ = {
			isa = PBXNativeTarget;
			buildConfigurationList = 0110BB981C3E5EC800688BC3 /* Build configuration list for PBXNativeTarget "Driving License App" */;
			buildPhases = (
				0110BB6C1C3E5EC800688BC3 /* Sources */,
				0110BB6D1C3E5EC800688BC3 /* Frameworks */,
				0110BB6E1C3E5EC800688BC3 /* Resources */,
			);
			buildRules = (
			);
			dependencies = (
			);
			name = "Driving License App";
			productName = "Driving License App";
			productReference = 0110BB701C3E5EC800688BC3 /* Driving License App.app */;
			productType = "com.apple.product-type.application";
		};
		0110BB831C3E5EC800688BC3 /* Driving License AppTests */ = {
			isa = PBXNativeTarget;
			buildConfigurationList = 0110BB9B1C3E5EC800688BC3 /* Build configuration list for PBXNativeTarget "Driving License AppTests" */;
			buildPhases = (
				0110BB801C3E5EC800688BC3 /* Sources */,
				0110BB811C3E5EC800688BC3 /* Frameworks */,
				0110BB821C3E5EC800688BC3 /* Resources */,
			);
			buildRules = (
			);
			dependencies = (
				0110BB861C3E5EC800688BC3 /* PBXTargetDependency */,
			);
			name = "Driving License AppTests";
			productName = "Driving License AppTests";
			productReference = 0110BB841C3E5EC800688BC3 /* Driving License AppTests.xctest */;
			productType = "com.apple.product-type.bundle.unit-test";
		};
		0110BB8E1C3E5EC800688BC3 /* Driving License AppUITests */ = {
			isa = PBXNativeTarget;
			buildConfigurationList = 0110BB9E1C3E5EC800688BC3 /* Build configuration list for PBXNativeTarget "Driving License AppUITests" */;
			buildPhases = (
				0110BB8B1C3E5EC800688BC3 /* Sources */,
				0110BB8C1C3E5EC800688BC3 /* Frameworks */,
				0110BB8D1C3E5EC800688BC3 /* Resources */,
			);
			buildRules = (
			);
			dependencies = (
				0110BB911C3E5EC800688BC3 /* PBXTargetDependency */,
			);
			name = "Driving License AppUITests";
			productName = "Driving License AppUITests";
			productReference = 0110BB8F1C3E5EC800688BC3 /* Driving License AppUITests.xctest */;
			productType = "com.apple.product-type.bundle.ui-testing";
		};
/* End PBXNativeTarget section */

/* Begin PBXProject section */
		0110BB681C3E5EC800688BC3 /* Project object */ = {
			isa = PBXProject;
			attributes = {
				LastUpgradeCheck = 0700;
				ORGANIZATIONNAME = "Koba Kareli";
				TargetAttributes = {
					0110BB6F1C3E5EC800688BC3 = {
						CreatedOnToolsVersion = 7.0;
					};
					0110BB831C3E5EC800688BC3 = {
						CreatedOnToolsVersion = 7.0;
						TestTargetID = 0110BB6F1C3E5EC800688BC3;
					};
					0110BB8E1C3E5EC800688BC3 = {
						CreatedOnToolsVersion = 7.0;
						TestTargetID = 0110BB6F1C3E5EC800688BC3;
					};
				};
			};
			buildConfigurationList = 0110BB6B1C3E5EC800688BC3 /* Build configuration list for PBXProject "Driving License App" */;
			compatibilityVersion = "Xcode 3.2";
			developmentRegion = English;
			hasScannedForEncodings = 0;
			knownRegions = (
				en,
				Base,
			);
			mainGroup = 0110BB671C3E5EC800688BC3;
			productRefGroup = 0110BB711C3E5EC800688BC3 /* Products */;
			projectDirPath = "";
			projectRoot = "";
			targets = (
				0110BB6F1C3E5EC800688BC3 /* Driving License App */,
				0110BB831C3E5EC800688BC3 /* Driving License AppTests */,
				0110BB8E1C3E5EC800688BC3 /* Driving License AppUITests */,
			);
		};
/* End PBXProject section */

/* Begin PBXResourcesBuildPhase section */
		0110BB6E1C3E5EC800688BC3 /* Resources */ = {
			isa = PBXResourcesBuildPhase;
			buildActionMask = 2147483647;
			files = (
				0110BB7E1C3E5EC800688BC3 /* LaunchScreen.storyboard in Resources */,
				0110BB7B1C3E5EC800688BC3 /* Assets.xcassets in Resources */,
				0110BB791C3E5EC800688BC3 /* Main.storyboard in Resources */,
			);
			runOnlyForDeploymentPostprocessing = 0;
		};
		0110BB821C3E5EC800688BC3 /* Resources */ = {
			isa = PBXResourcesBuildPhase;
			buildActionMask = 2147483647;
			files = (
			);
			runOnlyForDeploymentPostprocessing = 0;
		};
		0110BB8D1C3E5EC800688BC3 /* Resources */ = {
			isa = PBXResourcesBuildPhase;
			buildActionMask = 2147483647;
			files = (
			);
			runOnlyForDeploymentPostprocessing = 0;
		};
/* End PBXResourcesBuildPhase section */

/* Begin PBXSourcesBuildPhase section */
		0110BB6C1C3E5EC800688BC3 /* Sources */ = {
			isa = PBXSourcesBuildPhase;
			buildActionMask = 2147483647;
			files = (
				0110BB761C3E5EC800688BC3 /* LicenseViewController.swift in Sources */,
				0110BB741C3E5EC800688BC3 /* AppDelegate.swift in Sources */,
				01795FC81C3FCC20000D80FD /* ExamViewController.swift in Sources */,
			);
			runOnlyForDeploymentPostprocessing = 0;
		};
		0110BB801C3E5EC800688BC3 /* Sources */ = {
			isa = PBXSourcesBuildPhase;
			buildActionMask = 2147483647;
			files = (
				0110BB891C3E5EC800688BC3 /* Driving_License_AppTests.swift in Sources */,
			);
			runOnlyForDeploymentPostprocessing = 0;
		};
		0110BB8B1C3E5EC800688BC3 /* Sources */ = {
			isa = PBXSourcesBuildPhase;
			buildActionMask = 2147483647;
			files = (
				0110BB941C3E5EC800688BC3 /* Driving_License_AppUITests.swift in Sources */,
			);
			runOnlyForDeploymentPostprocessing = 0;
		};
/* End PBXSourcesBuildPhase section */

/* Begin PBXTargetDependency section */
		0110BB861C3E5EC800688BC3 /* PBXTargetDependency */ = {
			isa = PBXTargetDependency;
			target = 0110BB6F1C3E5EC800688BC3 /* Driving License App */;
			targetProxy = 0110BB851C3E5EC800688BC3 /* PBXContainerItemProxy */;
		};
		0110BB911C3E5EC800688BC3 /* PBXTargetDependency */ = {
			isa = PBXTargetDependency;
			target = 0110BB6F1C3E5EC800688BC3 /* Driving License App */;
			targetProxy = 0110BB901C3E5EC800688BC3 /* PBXContainerItemProxy */;
		};
/* End PBXTargetDependency section */

/* Begin PBXVariantGroup section */
		0110BB771C3E5EC800688BC3 /* Main.storyboard */ = {
			isa = PBXVariantGroup;
			children = (
				0110BB781C3E5EC800688BC3 /* Base */,
			);
			name = Main.storyboard;
			sourceTree = "<group>";
		};
		0110BB7C1C3E5EC800688BC3 /* LaunchScreen.storyboard */ = {
			isa = PBXVariantGroup;
			children = (
				0110BB7D1C3E5EC800688BC3 /* Base */,
			);
			name = LaunchScreen.storyboard;
			sourceTree = "<group>";
		};
/* End PBXVariantGroup section */

/* Begin XCBuildConfiguration section */
		0110BB961C3E5EC800688BC3 /* Debug */ = {
			isa = XCBuildConfiguration;
			buildSettings = {
				ALWAYS_SEARCH_USER_PATHS = NO;
				CLANG_CXX_LANGUAGE_STANDARD = "gnu++0x";
				CLANG_CXX_LIBRARY = "libc++";
				CLANG_ENABLE_MODULES = YES;
				CLANG_ENABLE_OBJC_ARC = YES;
				CLANG_WARN_BOOL_CONVERSION = YES;
				CLANG_WARN_CONSTANT_CONVERSION = YES;
				CLANG_WARN_DIRECT_OBJC_ISA_USAGE = YES_ERROR;
				CLANG_WARN_EMPTY_BODY = YES;
				CLANG_WARN_ENUM_CONVERSION = YES;
				CLANG_WARN_INT_CONVERSION = YES;
				CLANG_WARN_OBJC_ROOT_CLASS = YES_ERROR;
				CLANG_WARN_UNREACHABLE_CODE = YES;
				CLANG_WARN__DUPLICATE_METHOD_MATCH = YES;
				"CODE_SIGN_IDENTITY[sdk=iphoneos*]" = "iPhone Developer";
				COPY_PHASE_STRIP = NO;
				DEBUG_INFORMATION_FORMAT = dwarf;
				ENABLE_STRICT_OBJC_MSGSEND = YES;
				ENABLE_TESTABILITY = YES;
				GCC_C_LANGUAGE_STANDARD = gnu99;
				GCC_DYNAMIC_NO_PIC = NO;
				GCC_NO_COMMON_BLOCKS = YES;
				GCC_OPTIMIZATION_LEVEL = 0;
				GCC_PREPROCESSOR_DEFINITIONS = (
					"DEBUG=1",
					"$(inherited)",
				);
				GCC_WARN_64_TO_32_BIT_CONVERSION = YES;
				GCC_WARN_ABOUT_RETURN_TYPE = YES_ERROR;
				GCC_WARN_UNDECLARED_SELECTOR = YES;
				GCC_WARN_UNINITIALIZED_AUTOS = YES_AGGRESSIVE;
				GCC_WARN_UNUSED_FUNCTION = YES;
				GCC_WARN_UNUSED_VARIABLE = YES;
				IPHONEOS_DEPLOYMENT_TARGET = 9.0;
				MTL_ENABLE_DEBUG_INFO = YES;
				ONLY_ACTIVE_ARCH = YES;
				SDKROOT = iphoneos;
				SWIFT_OPTIMIZATION_LEVEL = "-Onone";
				TARGETED_DEVICE_FAMILY = "1,2";
			};
			name = Debug;
		};
		0110BB971C3E5EC800688BC3 /* Release */ = {
			isa = XCBuildConfiguration;
			buildSettings = {
				ALWAYS_SEARCH_USER_PATHS = NO;
				CLANG_CXX_LANGUAGE_STANDARD = "gnu++0x";
				CLANG_CXX_LIBRARY = "libc++";
				CLANG_ENABLE_MODULES = YES;
				CLANG_ENABLE_OBJC_ARC = YES;
				CLANG_WARN_BOOL_CONVERSION = YES;
				CLANG_WARN_CONSTANT_CONVERSION = YES;
				CLANG_WARN_DIRECT_OBJC_ISA_USAGE = YES_ERROR;
				CLANG_WARN_EMPTY_BODY = YES;
				CLANG_WARN_ENUM_CONVERSION = YES;
				CLANG_WARN_INT_CONVERSION = YES;
				CLANG_WARN_OBJC_ROOT_CLASS = YES_ERROR;
				CLANG_WARN_UNREACHABLE_CODE = YES;
				CLANG_WARN__DUPLICATE_METHOD_MATCH = YES;
				"CODE_SIGN_IDENTITY[sdk=iphoneos*]" = "iPhone Developer";
				COPY_PHASE_STRIP = NO;
				DEBUG_INFORMATION_FORMAT = "dwarf-with-dsym";
				ENABLE_NS_ASSERTIONS = NO;
				ENABLE_STRICT_OBJC_MSGSEND = YES;
				GCC_C_LANGUAGE_STANDARD = gnu99;
				GCC_NO_COMMON_BLOCKS = YES;
				GCC_WARN_64_TO_32_BIT_CONVERSION = YES;
				GCC_WARN_ABOUT_RETURN_TYPE = YES_ERROR;
				GCC_WARN_UNDECLARED_SELECTOR = YES;
				GCC_WARN_UNINITIALIZED_AUTOS = YES_AGGRESSIVE;
				GCC_WARN_UNUSED_FUNCTION = YES;
				GCC_WARN_UNUSED_VARIABLE = YES;
				IPHONEOS_DEPLOYMENT_TARGET = 9.0;
				MTL_ENABLE_DEBUG_INFO = NO;
				SDKROOT = iphoneos;
				TARGETED_DEVICE_FAMILY = "1,2";
				VALIDATE_PRODUCT = YES;
			};
			name = Release;
		};
		0110BB991C3E5EC800688BC3 /* Debug */ = {
			isa = XCBuildConfiguration;
			buildSettings = {
				ASSETCATALOG_COMPILER_APPICON_NAME = AppIcon;
				INFOPLIST_FILE = "Driving License App/Info.plist";
				LD_RUNPATH_SEARCH_PATHS = "$(inherited) @executable_path/Frameworks";
				PRODUCT_BUNDLE_IDENTIFIER = "com.me.Driving-License-App";
				PRODUCT_NAME = "$(TARGET_NAME)";
			};
			name = Debug;
		};
		0110BB9A1C3E5EC800688BC3 /* Release */ = {
			isa = XCBuildConfiguration;
			buildSettings = {
				ASSETCATALOG_COMPILER_APPICON_NAME = AppIcon;
				INFOPLIST_FILE = "Driving License App/Info.plist";
				LD_RUNPATH_SEARCH_PATHS = "$(inherited) @executable_path/Frameworks";
				PRODUCT_BUNDLE_IDENTIFIER = "com.me.Driving-License-App";
				PRODUCT_NAME = "$(TARGET_NAME)";
			};
			name = Release;
		};
		0110BB9C1C3E5EC800688BC3 /* Debug */ = {
			isa = XCBuildConfiguration;
			buildSettings = {
				BUNDLE_LOADER = "$(TEST_HOST)";
				INFOPLIST_FILE = "Driving License AppTests/Info.plist";
				LD_RUNPATH_SEARCH_PATHS = "$(inherited) @executable_path/Frameworks @loader_path/Frameworks";
				PRODUCT_BUNDLE_IDENTIFIER = "com.me.Driving-License-AppTests";
				PRODUCT_NAME = "$(TARGET_NAME)";
				TEST_HOST = "$(BUILT_PRODUCTS_DIR)/Driving License App.app/Driving License App";
			};
			name = Debug;
		};
		0110BB9D1C3E5EC800688BC3 /* Release */ = {
			isa = XCBuildConfiguration;
			buildSettings = {
				BUNDLE_LOADER = "$(TEST_HOST)";
				INFOPLIST_FILE = "Driving License AppTests/Info.plist";
				LD_RUNPATH_SEARCH_PATHS = "$(inherited) @executable_path/Frameworks @loader_path/Frameworks";
				PRODUCT_BUNDLE_IDENTIFIER = "com.me.Driving-License-AppTests";
				PRODUCT_NAME = "$(TARGET_NAME)";
				TEST_HOST = "$(BUILT_PRODUCTS_DIR)/Driving License App.app/Driving License App";
			};
			name = Release;
		};
		0110BB9F1C3E5EC800688BC3 /* Debug */ = {
			isa = XCBuildConfiguration;
			buildSettings = {
				INFOPLIST_FILE = "Driving License AppUITests/Info.plist";
				LD_RUNPATH_SEARCH_PATHS = "$(inherited) @executable_path/Frameworks @loader_path/Frameworks";
				PRODUCT_BUNDLE_IDENTIFIER = "com.me.Driving-License-AppUITests";
				PRODUCT_NAME = "$(TARGET_NAME)";
				TEST_TARGET_NAME = "Driving License App";
				USES_XCTRUNNER = YES;
			};
			name = Debug;
		};
		0110BBA01C3E5EC800688BC3 /* Release */ = {
			isa = XCBuildConfiguration;
			buildSettings = {
				INFOPLIST_FILE = "Driving License AppUITests/Info.plist";
				LD_RUNPATH_SEARCH_PATHS = "$(inherited) @executable_path/Frameworks @loader_path/Frameworks";
				PRODUCT_BUNDLE_IDENTIFIER = "com.me.Driving-License-AppUITests";
				PRODUCT_NAME = "$(TARGET_NAME)";
				TEST_TARGET_NAME = "Driving License App";
				USES_XCTRUNNER = YES;
			};
			name = Release;
		};
/* End XCBuildConfiguration section */

/* Begin XCConfigurationList section */
		0110BB6B1C3E5EC800688BC3 /* Build configuration list for PBXProject "Driving License App" */ = {
			isa = XCConfigurationList;
			buildConfigurations = (
				0110BB961C3E5EC800688BC3 /* Debug */,
				0110BB971C3E5EC800688BC3 /* Release */,
			);
			defaultConfigurationIsVisible = 0;
			defaultConfigurationName = Release;
		};
		0110BB981C3E5EC800688BC3 /* Build configuration list for PBXNativeTarget "Driving License App" */ = {
			isa = XCConfigurationList;
			buildConfigurations = (
				0110BB991C3E5EC800688BC3 /* Debug */,
				0110BB9A1C3E5EC800688BC3 /* Release */,
			);
			defaultConfigurationIsVisible = 0;
			defaultConfigurationName = Release;
		};
		0110BB9B1C3E5EC800688BC3 /* Build configuration list for PBXNativeTarget "Driving License AppTests" */ = {
			isa = XCConfigurationList;
			buildConfigurations = (
				0110BB9C1C3E5EC800688BC3 /* Debug */,
				0110BB9D1C3E5EC800688BC3 /* Release */,
			);
			defaultConfigurationIsVisible = 0;
			defaultConfigurationName = Release;
		};
		0110BB9E1C3E5EC800688BC3 /* Build configuration list for PBXNativeTarget "Driving License AppUITests" */ = {
			isa = XCConfigurationList;
			buildConfigurations = (
				0110BB9F1C3E5EC800688BC3 /* Debug */,
				0110BBA01C3E5EC800688BC3 /* Release */,
			);
			defaultConfigurationIsVisible = 0;
			defaultConfigurationName = Release;
		};
/* End XCConfigurationList section */
	};
	rootObject = 0110BB681C3E5EC800688BC3 /* Project object */;
}
